// !$*UTF8*$!
{
	archiveVersion = 1;
	classes = {
	};
	objectVersion = 56;
	objects = {

/* Begin PBXBuildFile section */
		0F27A0FE291485E600E5D2B3 /* AppDelegate.swift in Sources */ = {isa = PBXBuildFile; fileRef = 0F27A0FD291485E600E5D2B3 /* AppDelegate.swift */; };
		0F27A100291485E600E5D2B3 /* SceneDelegate.swift in Sources */ = {isa = PBXBuildFile; fileRef = 0F27A0FF291485E600E5D2B3 /* SceneDelegate.swift */; };
		0F27A107291485E700E5D2B3 /* Assets.xcassets in Resources */ = {isa = PBXBuildFile; fileRef = 0F27A106291485E700E5D2B3 /* Assets.xcassets */; };
		0F27A10A291485E700E5D2B3 /* LaunchScreen.storyboard in Resources */ = {isa = PBXBuildFile; fileRef = 0F27A108291485E700E5D2B3 /* LaunchScreen.storyboard */; };
		0F27A116291487E400E5D2B3 /* BaseViewController.swift in Sources */ = {isa = PBXBuildFile; fileRef = 0F27A115291487E400E5D2B3 /* BaseViewController.swift */; };
		0F27A1192914915700E5D2B3 /* ViewCodeConfiguration.swift in Sources */ = {isa = PBXBuildFile; fileRef = 0F27A1182914915700E5D2B3 /* ViewCodeConfiguration.swift */; };
		0F8E4888291A94AB00D5A2BA /* ItemAnimation.swift in Sources */ = {isa = PBXBuildFile; fileRef = 0F8E4887291A94AB00D5A2BA /* ItemAnimation.swift */; };
		0F8E488C291A969100D5A2BA /* Badge.swift in Sources */ = {isa = PBXBuildFile; fileRef = 0F8E488B291A969100D5A2BA /* Badge.swift */; };
		0F8E488E291A984500D5A2BA /* BounceAnimation.swift in Sources */ = {isa = PBXBuildFile; fileRef = 0F8E488D291A984500D5A2BA /* BounceAnimation.swift */; };
/* End PBXBuildFile section */

/* Begin PBXFileReference section */
		0F27A0FA291485E600E5D2B3 /* BaseProject.app */ = {isa = PBXFileReference; explicitFileType = wrapper.application; includeInIndex = 0; path = BaseProject.app; sourceTree = BUILT_PRODUCTS_DIR; };
		0F27A0FD291485E600E5D2B3 /* AppDelegate.swift */ = {isa = PBXFileReference; lastKnownFileType = sourcecode.swift; path = AppDelegate.swift; sourceTree = "<group>"; };
		0F27A0FF291485E600E5D2B3 /* SceneDelegate.swift */ = {isa = PBXFileReference; lastKnownFileType = sourcecode.swift; path = SceneDelegate.swift; sourceTree = "<group>"; };
		0F27A106291485E700E5D2B3 /* Assets.xcassets */ = {isa = PBXFileReference; lastKnownFileType = folder.assetcatalog; path = Assets.xcassets; sourceTree = "<group>"; };
		0F27A109291485E700E5D2B3 /* Base */ = {isa = PBXFileReference; lastKnownFileType = file.storyboard; name = Base; path = Base.lproj/LaunchScreen.storyboard; sourceTree = "<group>"; };
		0F27A10B291485E700E5D2B3 /* Info.plist */ = {isa = PBXFileReference; lastKnownFileType = text.plist.xml; path = Info.plist; sourceTree = "<group>"; };
		0F27A115291487E400E5D2B3 /* BaseViewController.swift */ = {isa = PBXFileReference; lastKnownFileType = sourcecode.swift; path = BaseViewController.swift; sourceTree = "<group>"; };
		0F27A1182914915700E5D2B3 /* ViewCodeConfiguration.swift */ = {isa = PBXFileReference; lastKnownFileType = sourcecode.swift; path = ViewCodeConfiguration.swift; sourceTree = "<group>"; };
		0F8E4887291A94AB00D5A2BA /* ItemAnimation.swift */ = {isa = PBXFileReference; lastKnownFileType = sourcecode.swift; path = ItemAnimation.swift; sourceTree = "<group>"; };
		0F8E488B291A969100D5A2BA /* Badge.swift */ = {isa = PBXFileReference; lastKnownFileType = sourcecode.swift; path = Badge.swift; sourceTree = "<group>"; };
		0F8E488D291A984500D5A2BA /* BounceAnimation.swift */ = {isa = PBXFileReference; lastKnownFileType = sourcecode.swift; path = BounceAnimation.swift; sourceTree = "<group>"; };
/* End PBXFileReference section */

/* Begin PBXFrameworksBuildPhase section */
		0F27A0F7291485E600E5D2B3 /* Frameworks */ = {
			isa = PBXFrameworksBuildPhase;
			buildActionMask = 2147483647;
			files = (
			);
			runOnlyForDeploymentPostprocessing = 0;
		};
/* End PBXFrameworksBuildPhase section */

/* Begin PBXGroup section */
		0F27A0F1291485E600E5D2B3 = {
			isa = PBXGroup;
			children = (
				0F27A0FC291485E600E5D2B3 /* BaseProject */,
				0F27A0FB291485E600E5D2B3 /* Products */,
			);
			sourceTree = "<group>";
		};
		0F27A0FB291485E600E5D2B3 /* Products */ = {
			isa = PBXGroup;
			children = (
				0F27A0FA291485E600E5D2B3 /* BaseProject.app */,
			);
			name = Products;
			sourceTree = "<group>";
		};
		0F27A0FC291485E600E5D2B3 /* BaseProject */ = {
			isa = PBXGroup;
			children = (
				0F27A1122914867F00E5D2B3 /* Base */,
				0F27A1172914911A00E5D2B3 /* Helpers */,
				0F27A113291487C500E5D2B3 /* Features */,
				0F8E4886291A949800D5A2BA /* Animations */,
				0F8E488A291A968200D5A2BA /* Components */,
				0F27A1112914866D00E5D2B3 /* Resources */,
			);
			path = BaseProject;
			sourceTree = "<group>";
		};
		0F27A1112914866D00E5D2B3 /* Resources */ = {
			isa = PBXGroup;
			children = (
				0F27A106291485E700E5D2B3 /* Assets.xcassets */,
			);
			path = Resources;
			sourceTree = "<group>";
		};
		0F27A1122914867F00E5D2B3 /* Base */ = {
			isa = PBXGroup;
			children = (
				0F27A0FD291485E600E5D2B3 /* AppDelegate.swift */,
				0F27A0FF291485E600E5D2B3 /* SceneDelegate.swift */,
				0F27A108291485E700E5D2B3 /* LaunchScreen.storyboard */,
				0F27A10B291485E700E5D2B3 /* Info.plist */,
			);
			path = Base;
			sourceTree = "<group>";
		};
		0F27A113291487C500E5D2B3 /* Features */ = {
			isa = PBXGroup;
			children = (
				0F27A114291487D100E5D2B3 /* BaseScene */,
			);
			path = Features;
			sourceTree = "<group>";
		};
		0F27A114291487D100E5D2B3 /* BaseScene */ = {
			isa = PBXGroup;
			children = (
				0F27A115291487E400E5D2B3 /* BaseViewController.swift */,
			);
			path = BaseScene;
			sourceTree = "<group>";
		};
		0F27A1172914911A00E5D2B3 /* Helpers */ = {
			isa = PBXGroup;
			children = (
				0F27A1182914915700E5D2B3 /* ViewCodeConfiguration.swift */,
			);
			path = Helpers;
			sourceTree = "<group>";
		};
		0F8E4886291A949800D5A2BA /* Animations */ = {
			isa = PBXGroup;
			children = (
				0F8E4887291A94AB00D5A2BA /* ItemAnimation.swift */,
				0F8E488D291A984500D5A2BA /* BounceAnimation.swift */,
			);
			path = Animations;
			sourceTree = "<group>";
		};
		0F8E488A291A968200D5A2BA /* Components */ = {
			isa = PBXGroup;
			children = (
				0F8E488B291A969100D5A2BA /* Badge.swift */,
			);
			path = Components;
			sourceTree = "<group>";
		};
/* End PBXGroup section */

/* Begin PBXNativeTarget section */
		0F27A0F9291485E600E5D2B3 /* BaseProject */ = {
			isa = PBXNativeTarget;
			buildConfigurationList = 0F27A10E291485E700E5D2B3 /* Build configuration list for PBXNativeTarget "BaseProject" */;
			buildPhases = (
				0F27A0F6291485E600E5D2B3 /* Sources */,
				0F27A0F7291485E600E5D2B3 /* Frameworks */,
				0F27A0F8291485E600E5D2B3 /* Resources */,
			);
			buildRules = (
			);
			dependencies = (
			);
			name = BaseProject;
			productName = BaseProject;
			productReference = 0F27A0FA291485E600E5D2B3 /* BaseProject.app */;
			productType = "com.apple.product-type.application";
		};
/* End PBXNativeTarget section */

/* Begin PBXProject section */
		0F27A0F2291485E600E5D2B3 /* Project object */ = {
			isa = PBXProject;
			attributes = {
				BuildIndependentTargetsInParallel = 1;
				LastSwiftUpdateCheck = 1400;
				LastUpgradeCheck = 1400;
				TargetAttributes = {
					0F27A0F9291485E600E5D2B3 = {
						CreatedOnToolsVersion = 14.0.1;
					};
				};
			};
			buildConfigurationList = 0F27A0F5291485E600E5D2B3 /* Build configuration list for PBXProject "BaseProject" */;
			compatibilityVersion = "Xcode 14.0";
			developmentRegion = en;
			hasScannedForEncodings = 0;
			knownRegions = (
				en,
				Base,
			);
			mainGroup = 0F27A0F1291485E600E5D2B3;
			productRefGroup = 0F27A0FB291485E600E5D2B3 /* Products */;
			projectDirPath = "";
			projectRoot = "";
			targets = (
				0F27A0F9291485E600E5D2B3 /* BaseProject */,
			);
		};
/* End PBXProject section */

/* Begin PBXResourcesBuildPhase section */
		0F27A0F8291485E600E5D2B3 /* Resources */ = {
			isa = PBXResourcesBuildPhase;
			buildActionMask = 2147483647;
			files = (
				0F27A10A291485E700E5D2B3 /* LaunchScreen.storyboard in Resources */,
				0F27A107291485E700E5D2B3 /* Assets.xcassets in Resources */,
			);
			runOnlyForDeploymentPostprocessing = 0;
		};
/* End PBXResourcesBuildPhase section */

/* Begin PBXSourcesBuildPhase section */
		0F27A0F6291485E600E5D2B3 /* Sources */ = {
			isa = PBXSourcesBuildPhase;
			buildActionMask = 2147483647;
			files = (
				0F27A1192914915700E5D2B3 /* ViewCodeConfiguration.swift in Sources */,
				0F8E488C291A969100D5A2BA /* Badge.swift in Sources */,
				0F27A0FE291485E600E5D2B3 /* AppDelegate.swift in Sources */,
				0F27A100291485E600E5D2B3 /* SceneDelegate.swift in Sources */,
				0F8E488E291A984500D5A2BA /* BounceAnimation.swift in Sources */,
				0F27A116291487E400E5D2B3 /* BaseViewController.swift in Sources */,
				0F8E4888291A94AB00D5A2BA /* ItemAnimation.swift in Sources */,
			);
			runOnlyForDeploymentPostprocessing = 0;
		};
/* End PBXSourcesBuildPhase section */

/* Begin PBXVariantGroup section */
		0F27A108291485E700E5D2B3 /* LaunchScreen.storyboard */ = {
			isa = PBXVariantGroup;
			children = (
				0F27A109291485E700E5D2B3 /* Base */,
			);
			name = LaunchScreen.storyboard;
			sourceTree = "<group>";
		};
/* End PBXVariantGroup section */

/* Begin XCBuildConfiguration section */
		0F27A10C291485E700E5D2B3 /* Debug */ = {
			isa = XCBuildConfiguration;
			buildSettings = {
				ALWAYS_SEARCH_USER_PATHS = NO;
				CLANG_ANALYZER_NONNULL = YES;
				CLANG_ANALYZER_NUMBER_OBJECT_CONVERSION = YES_AGGRESSIVE;
				CLANG_CXX_LANGUAGE_STANDARD = "gnu++20";
				CLANG_ENABLE_MODULES = YES;
				CLANG_ENABLE_OBJC_ARC = YES;
				CLANG_ENABLE_OBJC_WEAK = YES;
				CLANG_WARN_BLOCK_CAPTURE_AUTORELEASING = YES;
				CLANG_WARN_BOOL_CONVERSION = YES;
				CLANG_WARN_COMMA = YES;
				CLANG_WARN_CONSTANT_CONVERSION = YES;
				CLANG_WARN_DEPRECATED_OBJC_IMPLEMENTATIONS = YES;
				CLANG_WARN_DIRECT_OBJC_ISA_USAGE = YES_ERROR;
				CLANG_WARN_DOCUMENTATION_COMMENTS = YES;
				CLANG_WARN_EMPTY_BODY = YES;
				CLANG_WARN_ENUM_CONVERSION = YES;
				CLANG_WARN_INFINITE_RECURSION = YES;
				CLANG_WARN_INT_CONVERSION = YES;
				CLANG_WARN_NON_LITERAL_NULL_CONVERSION = YES;
				CLANG_WARN_OBJC_IMPLICIT_RETAIN_SELF = YES;
				CLANG_WARN_OBJC_LITERAL_CONVERSION = YES;
				CLANG_WARN_OBJC_ROOT_CLASS = YES_ERROR;
				CLANG_WARN_QUOTED_INCLUDE_IN_FRAMEWORK_HEADER = YES;
				CLANG_WARN_RANGE_LOOP_ANALYSIS = YES;
				CLANG_WARN_STRICT_PROTOTYPES = YES;
				CLANG_WARN_SUSPICIOUS_MOVE = YES;
				CLANG_WARN_UNGUARDED_AVAILABILITY = YES_AGGRESSIVE;
				CLANG_WARN_UNREACHABLE_CODE = YES;
				CLANG_WARN__DUPLICATE_METHOD_MATCH = YES;
				COPY_PHASE_STRIP = NO;
				DEBUG_INFORMATION_FORMAT = dwarf;
				ENABLE_STRICT_OBJC_MSGSEND = YES;
				ENABLE_TESTABILITY = YES;
				GCC_C_LANGUAGE_STANDARD = gnu11;
				GCC_DYNAMIC_NO_PIC = NO;
				GCC_NO_COMMON_BLOCKS = YES;
				GCC_OPTIMIZATION_LEVEL = 0;
				GCC_PREPROCESSOR_DEFINITIONS = (
					"DEBUG=1",
					"$(inherited)",
				);
				GCC_WARN_64_TO_32_BIT_CONVERSION = YES;
				GCC_WARN_ABOUT_RETURN_TYPE = YES_ERROR;
				GCC_WARN_UNDECLARED_SELECTOR = YES;
				GCC_WARN_UNINITIALIZED_AUTOS = YES_AGGRESSIVE;
				GCC_WARN_UNUSED_FUNCTION = YES;
				GCC_WARN_UNUSED_VARIABLE = YES;
				IPHONEOS_DEPLOYMENT_TARGET = 16.0;
				MTL_ENABLE_DEBUG_INFO = INCLUDE_SOURCE;
				MTL_FAST_MATH = YES;
				ONLY_ACTIVE_ARCH = YES;
				SDKROOT = iphoneos;
				SWIFT_ACTIVE_COMPILATION_CONDITIONS = DEBUG;
				SWIFT_OPTIMIZATION_LEVEL = "-Onone";
			};
			name = Debug;
		};
		0F27A10D291485E700E5D2B3 /* Release */ = {
			isa = XCBuildConfiguration;
			buildSettings = {
				ALWAYS_SEARCH_USER_PATHS = NO;
				CLANG_ANALYZER_NONNULL = YES;
				CLANG_ANALYZER_NUMBER_OBJECT_CONVERSION = YES_AGGRESSIVE;
				CLANG_CXX_LANGUAGE_STANDARD = "gnu++20";
				CLANG_ENABLE_MODULES = YES;
				CLANG_ENABLE_OBJC_ARC = YES;
				CLANG_ENABLE_OBJC_WEAK = YES;
				CLANG_WARN_BLOCK_CAPTURE_AUTORELEASING = YES;
				CLANG_WARN_BOOL_CONVERSION = YES;
				CLANG_WARN_COMMA = YES;
				CLANG_WARN_CONSTANT_CONVERSION = YES;
				CLANG_WARN_DEPRECATED_OBJC_IMPLEMENTATIONS = YES;
				CLANG_WARN_DIRECT_OBJC_ISA_USAGE = YES_ERROR;
				CLANG_WARN_DOCUMENTATION_COMMENTS = YES;
				CLANG_WARN_EMPTY_BODY = YES;
				CLANG_WARN_ENUM_CONVERSION = YES;
				CLANG_WARN_INFINITE_RECURSION = YES;
				CLANG_WARN_INT_CONVERSION = YES;
				CLANG_WARN_NON_LITERAL_NULL_CONVERSION = YES;
				CLANG_WARN_OBJC_IMPLICIT_RETAIN_SELF = YES;
				CLANG_WARN_OBJC_LITERAL_CONVERSION = YES;
				CLANG_WARN_OBJC_ROOT_CLASS = YES_ERROR;
				CLANG_WARN_QUOTED_INCLUDE_IN_FRAMEWORK_HEADER = YES;
				CLANG_WARN_RANGE_LOOP_ANALYSIS = YES;
				CLANG_WARN_STRICT_PROTOTYPES = YES;
				CLANG_WARN_SUSPICIOUS_MOVE = YES;
				CLANG_WARN_UNGUARDED_AVAILABILITY = YES_AGGRESSIVE;
				CLANG_WARN_UNREACHABLE_CODE = YES;
				CLANG_WARN__DUPLICATE_METHOD_MATCH = YES;
				COPY_PHASE_STRIP = NO;
				DEBUG_INFORMATION_FORMAT = "dwarf-with-dsym";
				ENABLE_NS_ASSERTIONS = NO;
				ENABLE_STRICT_OBJC_MSGSEND = YES;
				GCC_C_LANGUAGE_STANDARD = gnu11;
				GCC_NO_COMMON_BLOCKS = YES;
				GCC_WARN_64_TO_32_BIT_CONVERSION = YES;
				GCC_WARN_ABOUT_RETURN_TYPE = YES_ERROR;
				GCC_WARN_UNDECLARED_SELECTOR = YES;
				GCC_WARN_UNINITIALIZED_AUTOS = YES_AGGRESSIVE;
				GCC_WARN_UNUSED_FUNCTION = YES;
				GCC_WARN_UNUSED_VARIABLE = YES;
				IPHONEOS_DEPLOYMENT_TARGET = 16.0;
				MTL_ENABLE_DEBUG_INFO = NO;
				MTL_FAST_MATH = YES;
				SDKROOT = iphoneos;
				SWIFT_COMPILATION_MODE = wholemodule;
				SWIFT_OPTIMIZATION_LEVEL = "-O";
				VALIDATE_PRODUCT = YES;
			};
			name = Release;
		};
		0F27A10F291485E700E5D2B3 /* Debug */ = {
			isa = XCBuildConfiguration;
			buildSettings = {
				ASSETCATALOG_COMPILER_APPICON_NAME = AppIcon;
				ASSETCATALOG_COMPILER_GLOBAL_ACCENT_COLOR_NAME = AccentColor;
				CODE_SIGN_STYLE = Automatic;
				CURRENT_PROJECT_VERSION = 1;
				DEVELOPMENT_TEAM = U6TXC38SS7;
				GENERATE_INFOPLIST_FILE = YES;
				INFOPLIST_FILE = BaseProject/Base/Info.plist;
				INFOPLIST_KEY_UIApplicationSupportsIndirectInputEvents = YES;
				INFOPLIST_KEY_UILaunchStoryboardName = LaunchScreen;
				INFOPLIST_KEY_UIMainStoryboardFile = "";
				INFOPLIST_KEY_UISupportedInterfaceOrientations = UIInterfaceOrientationPortrait;
				LD_RUNPATH_SEARCH_PATHS = (
					"$(inherited)",
					"@executable_path/Frameworks",
				);
				MARKETING_VERSION = 1.0;
				PRODUCT_BUNDLE_IDENTIFIER = com.carloskimura.BaseProject;
				PRODUCT_NAME = "$(TARGET_NAME)";
				SUPPORTED_PLATFORMS = "iphoneos iphonesimulator";
				SUPPORTS_MACCATALYST = NO;
				SUPPORTS_MAC_DESIGNED_FOR_IPHONE_IPAD = NO;
				SWIFT_EMIT_LOC_STRINGS = YES;
				SWIFT_VERSION = 5.0;
				TARGETED_DEVICE_FAMILY = 1;
			};
			name = Debug;
		};
		0F27A110291485E700E5D2B3 /* Release */ = {
			isa = XCBuildConfiguration;
			buildSettings = {
				ASSETCATALOG_COMPILER_APPICON_NAME = AppIcon;
				ASSETCATALOG_COMPILER_GLOBAL_ACCENT_COLOR_NAME = AccentColor;
				CODE_SIGN_STYLE = Automatic;
				CURRENT_PROJECT_VERSION = 1;
				DEVELOPMENT_TEAM = U6TXC38SS7;
				GENERATE_INFOPLIST_FILE = YES;
				INFOPLIST_FILE = BaseProject/Base/Info.plist;
				INFOPLIST_KEY_UIApplicationSupportsIndirectInputEvents = YES;
				INFOPLIST_KEY_UILaunchStoryboardName = LaunchScreen;
				INFOPLIST_KEY_UIMainStoryboardFile = "";
				INFOPLIST_KEY_UISupportedInterfaceOrientations = UIInterfaceOrientationPortrait;
				LD_RUNPATH_SEARCH_PATHS = (
					"$(inherited)",
					"@executable_path/Frameworks",
				);
				MARKETING_VERSION = 1.0;
				PRODUCT_BUNDLE_IDENTIFIER = com.carloskimura.BaseProject;
				PRODUCT_NAME = "$(TARGET_NAME)";
				SUPPORTED_PLATFORMS = "iphoneos iphonesimulator";
				SUPPORTS_MACCATALYST = NO;
				SUPPORTS_MAC_DESIGNED_FOR_IPHONE_IPAD = NO;
				SWIFT_EMIT_LOC_STRINGS = YES;
				SWIFT_VERSION = 5.0;
				TARGETED_DEVICE_FAMILY = 1;
			};
			name = Release;
		};
/* End XCBuildConfiguration section */

/* Begin XCConfigurationList section */
		0F27A0F5291485E600E5D2B3 /* Build configuration list for PBXProject "BaseProject" */ = {
			isa = XCConfigurationList;
			buildConfigurations = (
				0F27A10C291485E700E5D2B3 /* Debug */,
				0F27A10D291485E700E5D2B3 /* Release */,
			);
			defaultConfigurationIsVisible = 0;
			defaultConfigurationName = Release;
		};
		0F27A10E291485E700E5D2B3 /* Build configuration list for PBXNativeTarget "BaseProject" */ = {
			isa = XCConfigurationList;
			buildConfigurations = (
				0F27A10F291485E700E5D2B3 /* Debug */,
				0F27A110291485E700E5D2B3 /* Release */,
			);
			defaultConfigurationIsVisible = 0;
			defaultConfigurationName = Release;
		};
/* End XCConfigurationList section */
	};
	rootObject = 0F27A0F2291485E600E5D2B3 /* Project object */;
}
